// !$*UTF8*$!
{
	archiveVersion = 1;
	classes = {
	};
	objectVersion = 46;
	objects = {

/* Begin PBXBuildFile section */
		ED263EA81E02910800C00071 /* WIAMakeItemViewController.swift in Sources */ = {isa = PBXBuildFile; fileRef = ED263EA71E02910800C00071 /* WIAMakeItemViewController.swift */; };
		ED2C60641DFFF59100B6DECE /* WIAColor.swift in Sources */ = {isa = PBXBuildFile; fileRef = ED2C60631DFFF59100B6DECE /* WIAColor.swift */; };
		ED2C60671E01206E00B6DECE /* WIAChooseItemViewController.swift in Sources */ = {isa = PBXBuildFile; fileRef = ED2C60661E01206E00B6DECE /* WIAChooseItemViewController.swift */; };
		ED47E4CC1E03D7E80075C071 /* WIATagTableViewCell.swift in Sources */ = {isa = PBXBuildFile; fileRef = ED47E4CA1E03D7E80075C071 /* WIATagTableViewCell.swift */; };
		ED47E4CD1E03D7E80075C071 /* WIATagTableViewCell.xib in Resources */ = {isa = PBXBuildFile; fileRef = ED47E4CB1E03D7E80075C071 /* WIATagTableViewCell.xib */; };
		ED9B3A381E03ED46008E97CF /* TLTagsControl.m in Sources */ = {isa = PBXBuildFile; fileRef = ED9B3A371E03ED46008E97CF /* TLTagsControl.m */; };
		ED9B3A3A1E042A44008E97CF /* WIAWorkingDaysTableViewController.swift in Sources */ = {isa = PBXBuildFile; fileRef = ED9B3A391E042A44008E97CF /* WIAWorkingDaysTableViewController.swift */; };
		ED9B3A3C1E042B52008E97CF /* WIAWorkingDaysTableViewCell.swift in Sources */ = {isa = PBXBuildFile; fileRef = ED9B3A3B1E042B52008E97CF /* WIAWorkingDaysTableViewCell.swift */; };
		EDB21A0D1E0121B5003E5CA6 /* WIATextFieldTableViewCell.swift in Sources */ = {isa = PBXBuildFile; fileRef = EDB21A0B1E0121B5003E5CA6 /* WIATextFieldTableViewCell.swift */; };
		EDB21A0E1E0121B5003E5CA6 /* WIATextFieldTableViewCell.xib in Resources */ = {isa = PBXBuildFile; fileRef = EDB21A0C1E0121B5003E5CA6 /* WIATextFieldTableViewCell.xib */; };
		EDB21A131E012897003E5CA6 /* WIAReviewTableViewController.swift in Sources */ = {isa = PBXBuildFile; fileRef = EDB21A121E012897003E5CA6 /* WIAReviewTableViewController.swift */; };
		EDB21A191E01424F003E5CA6 /* WIARatingTableViewCell.swift in Sources */ = {isa = PBXBuildFile; fileRef = EDB21A181E01424F003E5CA6 /* WIARatingTableViewCell.swift */; };
		EDB21A1E1E016386003E5CA6 /* WIATextViewCellTableViewCell.swift in Sources */ = {isa = PBXBuildFile; fileRef = EDB21A1C1E016386003E5CA6 /* WIATextViewCellTableViewCell.swift */; };
		EDB21A1F1E016386003E5CA6 /* WIATextViewCellTableViewCell.xib in Resources */ = {isa = PBXBuildFile; fileRef = EDB21A1D1E016386003E5CA6 /* WIATextViewCellTableViewCell.xib */; };
		EDB21A211E016897003E5CA6 /* WIAChoosePlaceViewController.swift in Sources */ = {isa = PBXBuildFile; fileRef = EDB21A201E016897003E5CA6 /* WIAChoosePlaceViewController.swift */; };
		EDCEEE621DFE83FC0076E249 /* Camera.storyboard in Resources */ = {isa = PBXBuildFile; fileRef = EDCEEE611DFE83FC0076E249 /* Camera.storyboard */; };
		EDCEEE661DFE840A0076E249 /* CameraViewController.swift in Sources */ = {isa = PBXBuildFile; fileRef = EDCEEE631DFE840A0076E249 /* CameraViewController.swift */; };
		EDCEEE671DFE840A0076E249 /* PhotoCaptureDelegate.swift in Sources */ = {isa = PBXBuildFile; fileRef = EDCEEE641DFE840A0076E249 /* PhotoCaptureDelegate.swift */; };
		EDCEEE681DFE840A0076E249 /* PreviewView.swift in Sources */ = {isa = PBXBuildFile; fileRef = EDCEEE651DFE840A0076E249 /* PreviewView.swift */; };
		EDDB47E71DFECAB400CB3A0F /* WIAImagePickerCollectionViewCell.swift in Sources */ = {isa = PBXBuildFile; fileRef = EDDB47E61DFECAB400CB3A0F /* WIAImagePickerCollectionViewCell.swift */; };
		EDE121711E0274CB006F191B /* WIAManager.swift in Sources */ = {isa = PBXBuildFile; fileRef = EDE121701E0274CB006F191B /* WIAManager.swift */; };
		EDF67C091E03BD9F0041DF89 /* WIAMakePlaceViewController.swift in Sources */ = {isa = PBXBuildFile; fileRef = EDF67C081E03BD9F0041DF89 /* WIAMakePlaceViewController.swift */; };
		EDFDA2151DFE7FFB00A1D244 /* AppDelegate.swift in Sources */ = {isa = PBXBuildFile; fileRef = EDFDA2141DFE7FFB00A1D244 /* AppDelegate.swift */; };
		EDFDA2191DFE7FFB00A1D244 /* SecondViewController.swift in Sources */ = {isa = PBXBuildFile; fileRef = EDFDA2181DFE7FFB00A1D244 /* SecondViewController.swift */; };
		EDFDA21C1DFE7FFB00A1D244 /* Main.storyboard in Resources */ = {isa = PBXBuildFile; fileRef = EDFDA21A1DFE7FFB00A1D244 /* Main.storyboard */; };
		EDFDA21E1DFE7FFB00A1D244 /* Assets.xcassets in Resources */ = {isa = PBXBuildFile; fileRef = EDFDA21D1DFE7FFB00A1D244 /* Assets.xcassets */; };
		EDFDA2211DFE7FFB00A1D244 /* LaunchScreen.storyboard in Resources */ = {isa = PBXBuildFile; fileRef = EDFDA21F1DFE7FFB00A1D244 /* LaunchScreen.storyboard */; };
		EDFDA22A1DFE811D00A1D244 /* WIADiscoverViewController.swift in Sources */ = {isa = PBXBuildFile; fileRef = EDFDA2291DFE811D00A1D244 /* WIADiscoverViewController.swift */; };
		EDFDA22C1DFE821100A1D244 /* WIAImagePickerController.swift in Sources */ = {isa = PBXBuildFile; fileRef = EDFDA22B1DFE821100A1D244 /* WIAImagePickerController.swift */; };
		FFEF5C0A5CA362F509A1DA8C /* Pods_WhatIAte.framework in Frameworks */ = {isa = PBXBuildFile; fileRef = CCD8382009F24ED7D631AD39 /* Pods_WhatIAte.framework */; };
/* End PBXBuildFile section */

/* Begin PBXFileReference section */
		30513A87848930D169A075EF /* Pods-WhatIAte.debug.xcconfig */ = {isa = PBXFileReference; includeInIndex = 1; lastKnownFileType = text.xcconfig; name = "Pods-WhatIAte.debug.xcconfig"; path = "Pods/Target Support Files/Pods-WhatIAte/Pods-WhatIAte.debug.xcconfig"; sourceTree = "<group>"; };
		B9CAF39D4F8487EB45C7852E /* Pods-WhatIAte.release.xcconfig */ = {isa = PBXFileReference; includeInIndex = 1; lastKnownFileType = text.xcconfig; name = "Pods-WhatIAte.release.xcconfig"; path = "Pods/Target Support Files/Pods-WhatIAte/Pods-WhatIAte.release.xcconfig"; sourceTree = "<group>"; };
		CCD8382009F24ED7D631AD39 /* Pods_WhatIAte.framework */ = {isa = PBXFileReference; explicitFileType = wrapper.framework; includeInIndex = 0; path = Pods_WhatIAte.framework; sourceTree = BUILT_PRODUCTS_DIR; };
		ED263EA71E02910800C00071 /* WIAMakeItemViewController.swift */ = {isa = PBXFileReference; fileEncoding = 4; lastKnownFileType = sourcecode.swift; path = WIAMakeItemViewController.swift; sourceTree = "<group>"; };
		ED2C60631DFFF59100B6DECE /* WIAColor.swift */ = {isa = PBXFileReference; fileEncoding = 4; lastKnownFileType = sourcecode.swift; path = WIAColor.swift; sourceTree = "<group>"; };
		ED2C60661E01206E00B6DECE /* WIAChooseItemViewController.swift */ = {isa = PBXFileReference; fileEncoding = 4; lastKnownFileType = sourcecode.swift; path = WIAChooseItemViewController.swift; sourceTree = "<group>"; };
		ED47E4CA1E03D7E80075C071 /* WIATagTableViewCell.swift */ = {isa = PBXFileReference; fileEncoding = 4; lastKnownFileType = sourcecode.swift; path = WIATagTableViewCell.swift; sourceTree = "<group>"; };
		ED47E4CB1E03D7E80075C071 /* WIATagTableViewCell.xib */ = {isa = PBXFileReference; fileEncoding = 4; lastKnownFileType = file.xib; path = WIATagTableViewCell.xib; sourceTree = "<group>"; };
		ED9B3A351E03ED46008E97CF /* WhatIAte-Bridging-Header.h */ = {isa = PBXFileReference; lastKnownFileType = sourcecode.c.h; path = "WhatIAte-Bridging-Header.h"; sourceTree = "<group>"; };
		ED9B3A361E03ED46008E97CF /* TLTagsControl.h */ = {isa = PBXFileReference; fileEncoding = 4; lastKnownFileType = sourcecode.c.h; path = TLTagsControl.h; sourceTree = "<group>"; };
		ED9B3A371E03ED46008E97CF /* TLTagsControl.m */ = {isa = PBXFileReference; fileEncoding = 4; lastKnownFileType = sourcecode.c.objc; path = TLTagsControl.m; sourceTree = "<group>"; };
		ED9B3A391E042A44008E97CF /* WIAWorkingDaysTableViewController.swift */ = {isa = PBXFileReference; fileEncoding = 4; lastKnownFileType = sourcecode.swift; path = WIAWorkingDaysTableViewController.swift; sourceTree = "<group>"; };
		ED9B3A3B1E042B52008E97CF /* WIAWorkingDaysTableViewCell.swift */ = {isa = PBXFileReference; fileEncoding = 4; lastKnownFileType = sourcecode.swift; path = WIAWorkingDaysTableViewCell.swift; sourceTree = "<group>"; };
		EDB21A0B1E0121B5003E5CA6 /* WIATextFieldTableViewCell.swift */ = {isa = PBXFileReference; fileEncoding = 4; lastKnownFileType = sourcecode.swift; path = WIATextFieldTableViewCell.swift; sourceTree = "<group>"; };
		EDB21A0C1E0121B5003E5CA6 /* WIATextFieldTableViewCell.xib */ = {isa = PBXFileReference; fileEncoding = 4; lastKnownFileType = file.xib; path = WIATextFieldTableViewCell.xib; sourceTree = "<group>"; };
		EDB21A121E012897003E5CA6 /* WIAReviewTableViewController.swift */ = {isa = PBXFileReference; fileEncoding = 4; lastKnownFileType = sourcecode.swift; path = WIAReviewTableViewController.swift; sourceTree = "<group>"; };
		EDB21A181E01424F003E5CA6 /* WIARatingTableViewCell.swift */ = {isa = PBXFileReference; fileEncoding = 4; lastKnownFileType = sourcecode.swift; path = WIARatingTableViewCell.swift; sourceTree = "<group>"; };
		EDB21A1C1E016386003E5CA6 /* WIATextViewCellTableViewCell.swift */ = {isa = PBXFileReference; fileEncoding = 4; lastKnownFileType = sourcecode.swift; path = WIATextViewCellTableViewCell.swift; sourceTree = "<group>"; };
		EDB21A1D1E016386003E5CA6 /* WIATextViewCellTableViewCell.xib */ = {isa = PBXFileReference; fileEncoding = 4; lastKnownFileType = file.xib; path = WIATextViewCellTableViewCell.xib; sourceTree = "<group>"; };
		EDB21A201E016897003E5CA6 /* WIAChoosePlaceViewController.swift */ = {isa = PBXFileReference; fileEncoding = 4; lastKnownFileType = sourcecode.swift; path = WIAChoosePlaceViewController.swift; sourceTree = "<group>"; };
		EDCEEE611DFE83FC0076E249 /* Camera.storyboard */ = {isa = PBXFileReference; fileEncoding = 4; lastKnownFileType = file.storyboard; path = Camera.storyboard; sourceTree = "<group>"; };
		EDCEEE631DFE840A0076E249 /* CameraViewController.swift */ = {isa = PBXFileReference; fileEncoding = 4; lastKnownFileType = sourcecode.swift; path = CameraViewController.swift; sourceTree = "<group>"; };
		EDCEEE641DFE840A0076E249 /* PhotoCaptureDelegate.swift */ = {isa = PBXFileReference; fileEncoding = 4; lastKnownFileType = sourcecode.swift; path = PhotoCaptureDelegate.swift; sourceTree = "<group>"; };
		EDCEEE651DFE840A0076E249 /* PreviewView.swift */ = {isa = PBXFileReference; fileEncoding = 4; lastKnownFileType = sourcecode.swift; path = PreviewView.swift; sourceTree = "<group>"; };
		EDDB47E61DFECAB400CB3A0F /* WIAImagePickerCollectionViewCell.swift */ = {isa = PBXFileReference; fileEncoding = 4; lastKnownFileType = sourcecode.swift; path = WIAImagePickerCollectionViewCell.swift; sourceTree = "<group>"; };
		EDE121701E0274CB006F191B /* WIAManager.swift */ = {isa = PBXFileReference; fileEncoding = 4; lastKnownFileType = sourcecode.swift; path = WIAManager.swift; sourceTree = "<group>"; };
		EDF67C081E03BD9F0041DF89 /* WIAMakePlaceViewController.swift */ = {isa = PBXFileReference; fileEncoding = 4; lastKnownFileType = sourcecode.swift; path = WIAMakePlaceViewController.swift; sourceTree = "<group>"; };
		EDFDA2111DFE7FFB00A1D244 /* WhatIAte.app */ = {isa = PBXFileReference; explicitFileType = wrapper.application; includeInIndex = 0; path = WhatIAte.app; sourceTree = BUILT_PRODUCTS_DIR; };
		EDFDA2141DFE7FFB00A1D244 /* AppDelegate.swift */ = {isa = PBXFileReference; lastKnownFileType = sourcecode.swift; path = AppDelegate.swift; sourceTree = "<group>"; };
		EDFDA2181DFE7FFB00A1D244 /* SecondViewController.swift */ = {isa = PBXFileReference; lastKnownFileType = sourcecode.swift; path = SecondViewController.swift; sourceTree = "<group>"; };
		EDFDA21B1DFE7FFB00A1D244 /* Base */ = {isa = PBXFileReference; lastKnownFileType = file.storyboard; name = Base; path = Base.lproj/Main.storyboard; sourceTree = "<group>"; };
		EDFDA21D1DFE7FFB00A1D244 /* Assets.xcassets */ = {isa = PBXFileReference; lastKnownFileType = folder.assetcatalog; path = Assets.xcassets; sourceTree = "<group>"; };
		EDFDA2201DFE7FFB00A1D244 /* Base */ = {isa = PBXFileReference; lastKnownFileType = file.storyboard; name = Base; path = Base.lproj/LaunchScreen.storyboard; sourceTree = "<group>"; };
		EDFDA2221DFE7FFB00A1D244 /* Info.plist */ = {isa = PBXFileReference; lastKnownFileType = text.plist.xml; path = Info.plist; sourceTree = "<group>"; };
		EDFDA2291DFE811D00A1D244 /* WIADiscoverViewController.swift */ = {isa = PBXFileReference; fileEncoding = 4; lastKnownFileType = sourcecode.swift; path = WIADiscoverViewController.swift; sourceTree = "<group>"; };
		EDFDA22B1DFE821100A1D244 /* WIAImagePickerController.swift */ = {isa = PBXFileReference; fileEncoding = 4; lastKnownFileType = sourcecode.swift; path = WIAImagePickerController.swift; sourceTree = "<group>"; };
/* End PBXFileReference section */

/* Begin PBXFrameworksBuildPhase section */
		EDFDA20E1DFE7FFB00A1D244 /* Frameworks */ = {
			isa = PBXFrameworksBuildPhase;
			buildActionMask = 2147483647;
			files = (
				FFEF5C0A5CA362F509A1DA8C /* Pods_WhatIAte.framework in Frameworks */,
			);
			runOnlyForDeploymentPostprocessing = 0;
		};
/* End PBXFrameworksBuildPhase section */

/* Begin PBXGroup section */
		101041F906BBD0C891370829 /* Frameworks */ = {
			isa = PBXGroup;
			children = (
				CCD8382009F24ED7D631AD39 /* Pods_WhatIAte.framework */,
			);
			name = Frameworks;
			sourceTree = "<group>";
		};
		5C110B33AD5CA9ABDDBBF6E5 /* Pods */ = {
			isa = PBXGroup;
			children = (
				30513A87848930D169A075EF /* Pods-WhatIAte.debug.xcconfig */,
				B9CAF39D4F8487EB45C7852E /* Pods-WhatIAte.release.xcconfig */,
			);
			name = Pods;
			sourceTree = "<group>";
		};
		ED2C605D1DFFDC4A00B6DECE /* ViewControllers */ = {
			isa = PBXGroup;
			children = (
				EDFDA2291DFE811D00A1D244 /* WIADiscoverViewController.swift */,
				EDB21A121E012897003E5CA6 /* WIAReviewTableViewController.swift */,
				ED2C60661E01206E00B6DECE /* WIAChooseItemViewController.swift */,
				EDB21A201E016897003E5CA6 /* WIAChoosePlaceViewController.swift */,
				ED263EA71E02910800C00071 /* WIAMakeItemViewController.swift */,
				EDF67C081E03BD9F0041DF89 /* WIAMakePlaceViewController.swift */,
				ED9B3A391E042A44008E97CF /* WIAWorkingDaysTableViewController.swift */,
				EDFDA2181DFE7FFB00A1D244 /* SecondViewController.swift */,
			);
			name = ViewControllers;
			sourceTree = "<group>";
		};
		ED2C605E1DFFDC5700B6DECE /* UIElements */ = {
			isa = PBXGroup;
			children = (
				EDB21A0F1E0121BD003E5CA6 /* TableViewCell */,
				ED2C60621DFFDCA600B6DECE /* CollectionViewCell */,
				ED2C60611DFFDC8C00B6DECE /* Camera */,
				ED2C605F1DFFDC6B00B6DECE /* ImagePicker */,
			);
			name = UIElements;
			sourceTree = "<group>";
		};
		ED2C605F1DFFDC6B00B6DECE /* ImagePicker */ = {
			isa = PBXGroup;
			children = (
				EDFDA22B1DFE821100A1D244 /* WIAImagePickerController.swift */,
			);
			name = ImagePicker;
			sourceTree = "<group>";
		};
		ED2C60611DFFDC8C00B6DECE /* Camera */ = {
			isa = PBXGroup;
			children = (
				EDCEEE631DFE840A0076E249 /* CameraViewController.swift */,
				EDCEEE641DFE840A0076E249 /* PhotoCaptureDelegate.swift */,
				EDCEEE651DFE840A0076E249 /* PreviewView.swift */,
			);
			name = Camera;
			sourceTree = "<group>";
		};
		ED2C60621DFFDCA600B6DECE /* CollectionViewCell */ = {
			isa = PBXGroup;
			children = (
				EDDB47E61DFECAB400CB3A0F /* WIAImagePickerCollectionViewCell.swift */,
			);
			name = CollectionViewCell;
			sourceTree = "<group>";
		};
		ED47E4CE1E03D7EE0075C071 /* TagCell */ = {
			isa = PBXGroup;
			children = (
				ED9B3A361E03ED46008E97CF /* TLTagsControl.h */,
				ED9B3A371E03ED46008E97CF /* TLTagsControl.m */,
				ED47E4CA1E03D7E80075C071 /* WIATagTableViewCell.swift */,
				ED47E4CB1E03D7E80075C071 /* WIATagTableViewCell.xib */,
			);
			name = TagCell;
			sourceTree = "<group>";
		};
		EDB21A0F1E0121BD003E5CA6 /* TableViewCell */ = {
			isa = PBXGroup;
			children = (
				EDB21A1B1E016367003E5CA6 /* TextViewCell */,
				EDB21A1A1E01635A003E5CA6 /* TextFieldCell */,
				ED47E4CE1E03D7EE0075C071 /* TagCell */,
				EDB21A181E01424F003E5CA6 /* WIARatingTableViewCell.swift */,
				ED9B3A3B1E042B52008E97CF /* WIAWorkingDaysTableViewCell.swift */,
			);
			name = TableViewCell;
			sourceTree = "<group>";
		};
		EDB21A1A1E01635A003E5CA6 /* TextFieldCell */ = {
			isa = PBXGroup;
			children = (
				EDB21A0B1E0121B5003E5CA6 /* WIATextFieldTableViewCell.swift */,
				EDB21A0C1E0121B5003E5CA6 /* WIATextFieldTableViewCell.xib */,
			);
			name = TextFieldCell;
			sourceTree = "<group>";
		};
		EDB21A1B1E016367003E5CA6 /* TextViewCell */ = {
			isa = PBXGroup;
			children = (
				EDB21A1C1E016386003E5CA6 /* WIATextViewCellTableViewCell.swift */,
				EDB21A1D1E016386003E5CA6 /* WIATextViewCellTableViewCell.xib */,
			);
			name = TextViewCell;
			sourceTree = "<group>";
		};
		EDFDA2081DFE7FFB00A1D244 = {
			isa = PBXGroup;
			children = (
				EDFDA2131DFE7FFB00A1D244 /* WhatIAte */,
				EDFDA2121DFE7FFB00A1D244 /* Products */,
				5C110B33AD5CA9ABDDBBF6E5 /* Pods */,
				101041F906BBD0C891370829 /* Frameworks */,
			);
			sourceTree = "<group>";
		};
		EDFDA2121DFE7FFB00A1D244 /* Products */ = {
			isa = PBXGroup;
			children = (
				EDFDA2111DFE7FFB00A1D244 /* WhatIAte.app */,
			);
			name = Products;
			sourceTree = "<group>";
		};
		EDFDA2131DFE7FFB00A1D244 /* WhatIAte */ = {
			isa = PBXGroup;
			children = (
				EDFDA2141DFE7FFB00A1D244 /* AppDelegate.swift */,
				ED2C60631DFFF59100B6DECE /* WIAColor.swift */,
				EDE121701E0274CB006F191B /* WIAManager.swift */,
				ED2C605E1DFFDC5700B6DECE /* UIElements */,
				ED2C605D1DFFDC4A00B6DECE /* ViewControllers */,
				EDFDA21A1DFE7FFB00A1D244 /* Main.storyboard */,
				EDCEEE611DFE83FC0076E249 /* Camera.storyboard */,
				EDFDA21D1DFE7FFB00A1D244 /* Assets.xcassets */,
				EDFDA21F1DFE7FFB00A1D244 /* LaunchScreen.storyboard */,
				EDFDA2221DFE7FFB00A1D244 /* Info.plist */,
				ED9B3A351E03ED46008E97CF /* WhatIAte-Bridging-Header.h */,
			);
			path = WhatIAte;
			sourceTree = "<group>";
		};
/* End PBXGroup section */

/* Begin PBXNativeTarget section */
		EDFDA2101DFE7FFB00A1D244 /* WhatIAte */ = {
			isa = PBXNativeTarget;
			buildConfigurationList = EDFDA2251DFE7FFB00A1D244 /* Build configuration list for PBXNativeTarget "WhatIAte" */;
			buildPhases = (
				1F8E40DB63C21E2391EC7E26 /* [CP] Check Pods Manifest.lock */,
				EDFDA20D1DFE7FFB00A1D244 /* Sources */,
				EDFDA20E1DFE7FFB00A1D244 /* Frameworks */,
				EDFDA20F1DFE7FFB00A1D244 /* Resources */,
				123BF164B5E2C63DF13A7B2E /* [CP] Embed Pods Frameworks */,
				672DB4726711158DB8869493 /* [CP] Copy Pods Resources */,
				EDFDA2281DFE808000A1D244 /* ShellScript */,
			);
			buildRules = (
			);
			dependencies = (
			);
			name = WhatIAte;
			productName = WhatIAte;
			productReference = EDFDA2111DFE7FFB00A1D244 /* WhatIAte.app */;
			productType = "com.apple.product-type.application";
		};
/* End PBXNativeTarget section */

/* Begin PBXProject section */
		EDFDA2091DFE7FFB00A1D244 /* Project object */ = {
			isa = PBXProject;
			attributes = {
				CLASSPREFIX = WIA;
				LastSwiftUpdateCheck = 0810;
				LastUpgradeCheck = 0810;
				ORGANIZATIONNAME = "Abbin Varghese";
				TargetAttributes = {
					EDFDA2101DFE7FFB00A1D244 = {
						CreatedOnToolsVersion = 8.1;
						DevelopmentTeam = GFYAJXL68W;
						LastSwiftMigration = 0810;
						ProvisioningStyle = Automatic;
					};
				};
			};
			buildConfigurationList = EDFDA20C1DFE7FFB00A1D244 /* Build configuration list for PBXProject "WhatIAte" */;
			compatibilityVersion = "Xcode 3.2";
			developmentRegion = English;
			hasScannedForEncodings = 0;
			knownRegions = (
				en,
				Base,
			);
			mainGroup = EDFDA2081DFE7FFB00A1D244;
			productRefGroup = EDFDA2121DFE7FFB00A1D244 /* Products */;
			projectDirPath = "";
			projectRoot = "";
			targets = (
				EDFDA2101DFE7FFB00A1D244 /* WhatIAte */,
			);
		};
/* End PBXProject section */

/* Begin PBXResourcesBuildPhase section */
		EDFDA20F1DFE7FFB00A1D244 /* Resources */ = {
			isa = PBXResourcesBuildPhase;
			buildActionMask = 2147483647;
			files = (
				EDB21A1F1E016386003E5CA6 /* WIATextViewCellTableViewCell.xib in Resources */,
				EDB21A0E1E0121B5003E5CA6 /* WIATextFieldTableViewCell.xib in Resources */,
				EDFDA2211DFE7FFB00A1D244 /* LaunchScreen.storyboard in Resources */,
				EDCEEE621DFE83FC0076E249 /* Camera.storyboard in Resources */,
				ED47E4CD1E03D7E80075C071 /* WIATagTableViewCell.xib in Resources */,
				EDFDA21E1DFE7FFB00A1D244 /* Assets.xcassets in Resources */,
				EDFDA21C1DFE7FFB00A1D244 /* Main.storyboard in Resources */,
			);
			runOnlyForDeploymentPostprocessing = 0;
		};
/* End PBXResourcesBuildPhase section */

/* Begin PBXShellScriptBuildPhase section */
		123BF164B5E2C63DF13A7B2E /* [CP] Embed Pods Frameworks */ = {
			isa = PBXShellScriptBuildPhase;
			buildActionMask = 2147483647;
			files = (
			);
			inputPaths = (
			);
			name = "[CP] Embed Pods Frameworks";
			outputPaths = (
			);
			runOnlyForDeploymentPostprocessing = 0;
			shellPath = /bin/sh;
			shellScript = "\"${SRCROOT}/Pods/Target Support Files/Pods-WhatIAte/Pods-WhatIAte-frameworks.sh\"\n";
			showEnvVarsInLog = 0;
		};
		1F8E40DB63C21E2391EC7E26 /* [CP] Check Pods Manifest.lock */ = {
			isa = PBXShellScriptBuildPhase;
			buildActionMask = 2147483647;
			files = (
			);
			inputPaths = (
			);
			name = "[CP] Check Pods Manifest.lock";
			outputPaths = (
			);
			runOnlyForDeploymentPostprocessing = 0;
			shellPath = /bin/sh;
			shellScript = "diff \"${PODS_ROOT}/../Podfile.lock\" \"${PODS_ROOT}/Manifest.lock\" > /dev/null\nif [ $? != 0 ] ; then\n    # print error to STDERR\n    echo \"error: The sandbox is not in sync with the Podfile.lock. Run 'pod install' or update your CocoaPods installation.\" >&2\n    exit 1\nfi\n";
			showEnvVarsInLog = 0;
		};
		672DB4726711158DB8869493 /* [CP] Copy Pods Resources */ = {
			isa = PBXShellScriptBuildPhase;
			buildActionMask = 2147483647;
			files = (
			);
			inputPaths = (
			);
			name = "[CP] Copy Pods Resources";
			outputPaths = (
			);
			runOnlyForDeploymentPostprocessing = 0;
			shellPath = /bin/sh;
			shellScript = "\"${SRCROOT}/Pods/Target Support Files/Pods-WhatIAte/Pods-WhatIAte-resources.sh\"\n";
			showEnvVarsInLog = 0;
		};
		EDFDA2281DFE808000A1D244 /* ShellScript */ = {
			isa = PBXShellScriptBuildPhase;
			buildActionMask = 2147483647;
			files = (
			);
			inputPaths = (
			);
			outputPaths = (
			);
			runOnlyForDeploymentPostprocessing = 0;
			shellPath = /bin/sh;
			shellScript = "\"${PODS_ROOT}/Fabric/run\" 3f71840f2ee95b5cc1d59c7c10952757473e0a10 63b17f8d5e6fd704dcde9583d3de0fb2395163ef04d8a955dd863c9bcfb1df15";
		};
/* End PBXShellScriptBuildPhase section */

/* Begin PBXSourcesBuildPhase section */
		EDFDA20D1DFE7FFB00A1D244 /* Sources */ = {
			isa = PBXSourcesBuildPhase;
			buildActionMask = 2147483647;
			files = (
				EDB21A211E016897003E5CA6 /* WIAChoosePlaceViewController.swift in Sources */,
				EDCEEE671DFE840A0076E249 /* PhotoCaptureDelegate.swift in Sources */,
				ED9B3A3C1E042B52008E97CF /* WIAWorkingDaysTableViewCell.swift in Sources */,
				EDF67C091E03BD9F0041DF89 /* WIAMakePlaceViewController.swift in Sources */,
				ED47E4CC1E03D7E80075C071 /* WIATagTableViewCell.swift in Sources */,
				EDB21A1E1E016386003E5CA6 /* WIATextViewCellTableViewCell.swift in Sources */,
				EDFDA22A1DFE811D00A1D244 /* WIADiscoverViewController.swift in Sources */,
				EDB21A191E01424F003E5CA6 /* WIARatingTableViewCell.swift in Sources */,
				EDDB47E71DFECAB400CB3A0F /* WIAImagePickerCollectionViewCell.swift in Sources */,
				EDB21A131E012897003E5CA6 /* WIAReviewTableViewController.swift in Sources */,
				EDE121711E0274CB006F191B /* WIAManager.swift in Sources */,
				ED9B3A381E03ED46008E97CF /* TLTagsControl.m in Sources */,
				EDCEEE681DFE840A0076E249 /* PreviewView.swift in Sources */,
				EDCEEE661DFE840A0076E249 /* CameraViewController.swift in Sources */,
				ED263EA81E02910800C00071 /* WIAMakeItemViewController.swift in Sources */,
				ED9B3A3A1E042A44008E97CF /* WIAWorkingDaysTableViewController.swift in Sources */,
				ED2C60641DFFF59100B6DECE /* WIAColor.swift in Sources */,
				ED2C60671E01206E00B6DECE /* WIAChooseItemViewController.swift in Sources */,
				EDFDA2191DFE7FFB00A1D244 /* SecondViewController.swift in Sources */,
				EDFDA2151DFE7FFB00A1D244 /* AppDelegate.swift in Sources */,
				EDFDA22C1DFE821100A1D244 /* WIAImagePickerController.swift in Sources */,
				EDB21A0D1E0121B5003E5CA6 /* WIATextFieldTableViewCell.swift in Sources */,
			);
			runOnlyForDeploymentPostprocessing = 0;
		};
/* End PBXSourcesBuildPhase section */

/* Begin PBXVariantGroup section */
		EDFDA21A1DFE7FFB00A1D244 /* Main.storyboard */ = {
			isa = PBXVariantGroup;
			children = (
				EDFDA21B1DFE7FFB00A1D244 /* Base */,
			);
			name = Main.storyboard;
			sourceTree = "<group>";
		};
		EDFDA21F1DFE7FFB00A1D244 /* LaunchScreen.storyboard */ = {
			isa = PBXVariantGroup;
			children = (
				EDFDA2201DFE7FFB00A1D244 /* Base */,
			);
			name = LaunchScreen.storyboard;
			sourceTree = "<group>";
		};
/* End PBXVariantGroup section */

/* Begin XCBuildConfiguration section */
		EDFDA2231DFE7FFB00A1D244 /* Debug */ = {
			isa = XCBuildConfiguration;
			buildSettings = {
				ALWAYS_SEARCH_USER_PATHS = NO;
				CLANG_ANALYZER_NONNULL = YES;
				CLANG_CXX_LANGUAGE_STANDARD = "gnu++0x";
				CLANG_CXX_LIBRARY = "libc++";
				CLANG_ENABLE_MODULES = YES;
				CLANG_ENABLE_OBJC_ARC = YES;
				CLANG_WARN_BOOL_CONVERSION = YES;
				CLANG_WARN_CONSTANT_CONVERSION = YES;
				CLANG_WARN_DIRECT_OBJC_ISA_USAGE = YES_ERROR;
				CLANG_WARN_DOCUMENTATION_COMMENTS = YES;
				CLANG_WARN_EMPTY_BODY = YES;
				CLANG_WARN_ENUM_CONVERSION = YES;
				CLANG_WARN_INFINITE_RECURSION = YES;
				CLANG_WARN_INT_CONVERSION = YES;
				CLANG_WARN_OBJC_ROOT_CLASS = YES_ERROR;
				CLANG_WARN_SUSPICIOUS_MOVE = YES;
				CLANG_WARN_SUSPICIOUS_MOVES = YES;
				CLANG_WARN_UNREACHABLE_CODE = YES;
				CLANG_WARN__DUPLICATE_METHOD_MATCH = YES;
				"CODE_SIGN_IDENTITY[sdk=iphoneos*]" = "iPhone Developer";
				COPY_PHASE_STRIP = NO;
				DEBUG_INFORMATION_FORMAT = dwarf;
				ENABLE_STRICT_OBJC_MSGSEND = YES;
				ENABLE_TESTABILITY = YES;
				GCC_C_LANGUAGE_STANDARD = gnu99;
				GCC_DYNAMIC_NO_PIC = NO;
				GCC_NO_COMMON_BLOCKS = YES;
				GCC_OPTIMIZATION_LEVEL = 0;
				GCC_PREPROCESSOR_DEFINITIONS = (
					"DEBUG=1",
					"$(inherited)",
				);
				GCC_WARN_64_TO_32_BIT_CONVERSION = YES;
				GCC_WARN_ABOUT_RETURN_TYPE = YES_ERROR;
				GCC_WARN_UNDECLARED_SELECTOR = YES;
				GCC_WARN_UNINITIALIZED_AUTOS = YES_AGGRESSIVE;
				GCC_WARN_UNUSED_FUNCTION = YES;
				GCC_WARN_UNUSED_VARIABLE = YES;
				IPHONEOS_DEPLOYMENT_TARGET = 10.0;
				MTL_ENABLE_DEBUG_INFO = YES;
				ONLY_ACTIVE_ARCH = YES;
				SDKROOT = iphoneos;
				SWIFT_ACTIVE_COMPILATION_CONDITIONS = DEBUG;
				SWIFT_OPTIMIZATION_LEVEL = "-Onone";
			};
			name = Debug;
		};
		EDFDA2241DFE7FFB00A1D244 /* Release */ = {
			isa = XCBuildConfiguration;
			buildSettings = {
				ALWAYS_SEARCH_USER_PATHS = NO;
				CLANG_ANALYZER_NONNULL = YES;
				CLANG_CXX_LANGUAGE_STANDARD = "gnu++0x";
				CLANG_CXX_LIBRARY = "libc++";
				CLANG_ENABLE_MODULES = YES;
				CLANG_ENABLE_OBJC_ARC = YES;
				CLANG_WARN_BOOL_CONVERSION = YES;
				CLANG_WARN_CONSTANT_CONVERSION = YES;
				CLANG_WARN_DIRECT_OBJC_ISA_USAGE = YES_ERROR;
				CLANG_WARN_DOCUMENTATION_COMMENTS = YES;
				CLANG_WARN_EMPTY_BODY = YES;
				CLANG_WARN_ENUM_CONVERSION = YES;
				CLANG_WARN_INFINITE_RECURSION = YES;
				CLANG_WARN_INT_CONVERSION = YES;
				CLANG_WARN_OBJC_ROOT_CLASS = YES_ERROR;
				CLANG_WARN_SUSPICIOUS_MOVE = YES;
				CLANG_WARN_SUSPICIOUS_MOVES = YES;
				CLANG_WARN_UNREACHABLE_CODE = YES;
				CLANG_WARN__DUPLICATE_METHOD_MATCH = YES;
				"CODE_SIGN_IDENTITY[sdk=iphoneos*]" = "iPhone Developer";
				COPY_PHASE_STRIP = NO;
				DEBUG_INFORMATION_FORMAT = "dwarf-with-dsym";
				ENABLE_NS_ASSERTIONS = NO;
				ENABLE_STRICT_OBJC_MSGSEND = YES;
				GCC_C_LANGUAGE_STANDARD = gnu99;
				GCC_NO_COMMON_BLOCKS = YES;
				GCC_WARN_64_TO_32_BIT_CONVERSION = YES;
				GCC_WARN_ABOUT_RETURN_TYPE = YES_ERROR;
				GCC_WARN_UNDECLARED_SELECTOR = YES;
				GCC_WARN_UNINITIALIZED_AUTOS = YES_AGGRESSIVE;
				GCC_WARN_UNUSED_FUNCTION = YES;
				GCC_WARN_UNUSED_VARIABLE = YES;
				IPHONEOS_DEPLOYMENT_TARGET = 10.0;
				MTL_ENABLE_DEBUG_INFO = NO;
				SDKROOT = iphoneos;
				SWIFT_OPTIMIZATION_LEVEL = "-Owholemodule";
				VALIDATE_PRODUCT = YES;
			};
			name = Release;
		};
		EDFDA2261DFE7FFB00A1D244 /* Debug */ = {
			isa = XCBuildConfiguration;
			baseConfigurationReference = 30513A87848930D169A075EF /* Pods-WhatIAte.debug.xcconfig */;
			buildSettings = {
				ASSETCATALOG_COMPILER_APPICON_NAME = AppIcon;
				CLANG_ENABLE_MODULES = YES;
				DEVELOPMENT_TEAM = GFYAJXL68W;
				INFOPLIST_FILE = WhatIAte/Info.plist;
				IPHONEOS_DEPLOYMENT_TARGET = 10.0;
				LD_RUNPATH_SEARCH_PATHS = "$(inherited) @executable_path/Frameworks";
				PRODUCT_BUNDLE_IDENTIFIER = com.abbinvarghese.WhatIAte;
				PRODUCT_NAME = "$(TARGET_NAME)";
				SWIFT_OBJC_BRIDGING_HEADER = "WhatIAte/WhatIAte-Bridging-Header.h";
				SWIFT_OPTIMIZATION_LEVEL = "-Onone";
				SWIFT_VERSION = 3.0;
			};
			name = Debug;
		};
		EDFDA2271DFE7FFB00A1D244 /* Release */ = {
			isa = XCBuildConfiguration;
			baseConfigurationReference = B9CAF39D4F8487EB45C7852E /* Pods-WhatIAte.release.xcconfig */;
			buildSettings = {
				ASSETCATALOG_COMPILER_APPICON_NAME = AppIcon;
				CLANG_ENABLE_MODULES = YES;
				DEVELOPMENT_TEAM = GFYAJXL68W;
				INFOPLIST_FILE = WhatIAte/Info.plist;
				IPHONEOS_DEPLOYMENT_TARGET = 10.0;
				LD_RUNPATH_SEARCH_PATHS = "$(inherited) @executable_path/Frameworks";
				PRODUCT_BUNDLE_IDENTIFIER = com.abbinvarghese.WhatIAte;
				PRODUCT_NAME = "$(TARGET_NAME)";
				SWIFT_OBJC_BRIDGING_HEADER = "WhatIAte/WhatIAte-Bridging-Header.h";
				SWIFT_VERSION = 3.0;
			};
			name = Release;
		};
/* End XCBuildConfiguration section */

/* Begin XCConfigurationList section */
		EDFDA20C1DFE7FFB00A1D244 /* Build configuration list for PBXProject "WhatIAte" */ = {
			isa = XCConfigurationList;
			buildConfigurations = (
				EDFDA2231DFE7FFB00A1D244 /* Debug */,
				EDFDA2241DFE7FFB00A1D244 /* Release */,
			);
			defaultConfigurationIsVisible = 0;
			defaultConfigurationName = Release;
		};
		EDFDA2251DFE7FFB00A1D244 /* Build configuration list for PBXNativeTarget "WhatIAte" */ = {
			isa = XCConfigurationList;
			buildConfigurations = (
				EDFDA2261DFE7FFB00A1D244 /* Debug */,
				EDFDA2271DFE7FFB00A1D244 /* Release */,
			);
			defaultConfigurationIsVisible = 0;
			defaultConfigurationName = Release;
		};
/* End XCConfigurationList section */
	};
	rootObject = EDFDA2091DFE7FFB00A1D244 /* Project object */;
}
